PODS:
  - Nimble (7.3.4)
  - Quick (1.2.0)
  - TccSwift (0.1.0)

DEPENDENCIES:
  - Nimble (~> 7.0)
  - Quick (~> 1.2.0)
  - TccSwift (from `../`)

SPEC REPOS:
  trunk:
    - Nimble
    - Quick

EXTERNAL SOURCES:
  TccSwift:
    :path: "../"

SPEC CHECKSUMS:
  Nimble: 051e3d8912d40138fa5591c78594f95fb172af37
  Quick: 58d203b1c5e27fff7229c4c1ae445ad7069a7a08
  TccSwift: 4b3cd8e37b96c37fd44251f4807418d1caa4d575

PODFILE CHECKSUM: e4b4ab9aaf9a4c95e40e31860ae83a651e0e2323

COCOAPODS: 1.9.3
